
Microsoft Visual Studio Solution File, Format Version 12.00
Project("{FAE04EC0-301F-11D3-BF4B-00C04F79EFBC}") = "Day 01", "Day 01\Day 01.csproj", "{B9FE6B8C-32DD-4257-B0C9-F965FED90212}"
EndProject
Project("{FAE04EC0-301F-11D3-BF4B-00C04F79EFBC}") = "Day 02", "Day 02\Day 02.csproj", "{43922652-F0B7-49E2-B976-00F290687762}"
EndProject
Project("{FAE04EC0-301F-11D3-BF4B-00C04F79EFBC}") = "Day 03", "Day 03\Day 03.csproj", "{9CD4E8FF-00FA-4768-BBD9-06AF605B4040}"
EndProject
Project("{FAE04EC0-301F-11D3-BF4B-00C04F79EFBC}") = "Day 04", "Day 04\Day 04.csproj", "{01EEA90F-DB3A-4A63-81DE-67C0D71792BF}"
EndProject
Global
	GlobalSection(SolutionConfigurationPlatforms) = preSolution
		Debug|Any CPU = Debug|Any CPU
		Release|Any CPU = Release|Any CPU
	EndGlobalSection
	GlobalSection(ProjectConfigurationPlatforms) = postSolution
		{B9FE6B8C-32DD-4257-B0C9-F965FED90212}.Debug|Any CPU.ActiveCfg = Debug|Any CPU
		{B9FE6B8C-32DD-4257-B0C9-F965FED90212}.Debug|Any CPU.Build.0 = Debug|Any CPU
		{B9FE6B8C-32DD-4257-B0C9-F965FED90212}.Release|Any CPU.ActiveCfg = Release|Any CPU
		{B9FE6B8C-32DD-4257-B0C9-F965FED90212}.Release|Any CPU.Build.0 = Release|Any CPU
		{43922652-F0B7-49E2-B976-00F290687762}.Debug|Any CPU.ActiveCfg = Debug|Any CPU
		{43922652-F0B7-49E2-B976-00F290687762}.Debug|Any CPU.Build.0 = Debug|Any CPU
		{43922652-F0B7-49E2-B976-00F290687762}.Release|Any CPU.ActiveCfg = Release|Any CPU
		{43922652-F0B7-49E2-B976-00F290687762}.Release|Any CPU.Build.0 = Release|Any CPU
		{9CD4E8FF-00FA-4768-BBD9-06AF605B4040}.Debug|Any CPU.ActiveCfg = Debug|Any CPU
		{9CD4E8FF-00FA-4768-BBD9-06AF605B4040}.Debug|Any CPU.Build.0 = Debug|Any CPU
		{9CD4E8FF-00FA-4768-BBD9-06AF605B4040}.Release|Any CPU.ActiveCfg = Release|Any CPU
		{9CD4E8FF-00FA-4768-BBD9-06AF605B4040}.Release|Any CPU.Build.0 = Release|Any CPU
		{01EEA90F-DB3A-4A63-81DE-67C0D71792BF}.Debug|Any CPU.ActiveCfg = Debug|Any CPU
		{01EEA90F-DB3A-4A63-81DE-67C0D71792BF}.Debug|Any CPU.Build.0 = Debug|Any CPU
		{01EEA90F-DB3A-4A63-81DE-67C0D71792BF}.Release|Any CPU.ActiveCfg = Release|Any CPU
		{01EEA90F-DB3A-4A63-81DE-67C0D71792BF}.Release|Any CPU.Build.0 = Release|Any CPU
	EndGlobalSection
EndGlobal
